
Microsoft Visual Studio Solution File, Format Version 12.00
# Visual Studio Version 17
VisualStudioVersion = 17.10.34928.147
MinimumVisualStudioVersion = 10.0.40219.1
Project("{FAE04EC0-301F-11D3-BF4B-00C04F79EFBC}") = "ChilkatSampleCore", "Chilkatsample\ChilkatSampleCore.csproj", "{5051BFED-FCCC-4FBF-A20F-20B012EFE0C1}"
EndProject
Project("{FAE04EC0-301F-11D3-BF4B-00C04F79EFBC}") = "ChilkatConsumer", "ChilkatConsumer\ChilkatConsumer.csproj", "{8D9E06A6-8224-433B-A37D-85FC4D0900D6}"
EndProject
Project("{FAE04EC0-301F-11D3-BF4B-00C04F79EFBC}") = "ChilkatSampleFramework", "ChilkatSampleFramework\ChilkatSampleFramework.csproj", "{26578CDA-8436-47A4-A454-BC246BAAABD6}"
EndProject
Global
	GlobalSection(SolutionConfigurationPlatforms) = preSolution
		Debug|Any CPU = Debug|Any CPU
		Release|Any CPU = Release|Any CPU
	EndGlobalSection
	GlobalSection(ProjectConfigurationPlatforms) = postSolution
		{5051BFED-FCCC-4FBF-A20F-20B012EFE0C1}.Debug|Any CPU.ActiveCfg = Debug|Any CPU
		{5051BFED-FCCC-4FBF-A20F-20B012EFE0C1}.Debug|Any CPU.Build.0 = Debug|Any CPU
		{5051BFED-FCCC-4FBF-A20F-20B012EFE0C1}.Release|Any CPU.ActiveCfg = Release|Any CPU
		{5051BFED-FCCC-4FBF-A20F-20B012EFE0C1}.Release|Any CPU.Build.0 = Release|Any CPU
		{8D9E06A6-8224-433B-A37D-85FC4D0900D6}.Debug|Any CPU.ActiveCfg = Debug|Any CPU
		{8D9E06A6-8224-433B-A37D-85FC4D0900D6}.Debug|Any CPU.Build.0 = Debug|Any CPU
		{8D9E06A6-8224-433B-A37D-85FC4D0900D6}.Release|Any CPU.ActiveCfg = Release|Any CPU
		{8D9E06A6-8224-433B-A37D-85FC4D0900D6}.Release|Any CPU.Build.0 = Release|Any CPU
		{26578CDA-8436-47A4-A454-BC246BAAABD6}.Debug|Any CPU.ActiveCfg = Debug|Any CPU
		{26578CDA-8436-47A4-A454-BC246BAAABD6}.Debug|Any CPU.Build.0 = Debug|Any CPU
		{26578CDA-8436-47A4-A454-BC246BAAABD6}.Release|Any CPU.ActiveCfg = Release|Any CPU
		{26578CDA-8436-47A4-A454-BC246BAAABD6}.Release|Any CPU.Build.0 = Release|Any CPU
	EndGlobalSection
	GlobalSection(SolutionProperties) = preSolution
		HideSolutionNode = FALSE
	EndGlobalSection
	GlobalSection(ExtensibilityGlobals) = postSolution
		SolutionGuid = {10AD6042-BC7B-456B-8671-0895B4E199C6}
	EndGlobalSection
EndGlobal
